# This file is autogenerated, do not edit; changes may be undone by the next 'dep ensure'.


[[projects]]
  digest = "1:2808029508f87e5e58aff55eff126e9a02a79951db52fa994883ee1825d48469"
  name = "github.com/blackjack/webcam"
  packages = [
    ".",
    "ioctl",
  ]
  pruneopts = "UT"
  revision = "dba29cd98b67338ba06da65a102550592eed5426"
  version = "v0.3"

[[projects]]
  branch = "master"
  digest = "1:8b5609d7d8d8b5613b13dca80a803db9cc3e2626a81b2167b8a43bb372e4c8a7"
  name = "github.com/davecheney/i2c"
  packages = ["."]
  pruneopts = "UT"
  revision = "caf08501bef23e8ae4d0b5d115c133e922405f3f"

[[projects]]
  digest = "1:9edc0b172ea0685d33efea40c0d2e6991b2ffc71d5fde5c39dfba8e3adee3c05"
  name = "github.com/stianeikeland/go-rpio"
  packages = ["."]
  pruneopts = "UT"
  revision = "3abdd2207d33843c1c3fbea540bdf07990075c03"
  version = "4.1.0"

[[projects]]
  branch = "master"
  digest = "1:7427036b6d926b3d1fa0773771820735b35554a98296f1074df440ee30a97296"
  name = "golang.org/x/net"
  packages = ["websocket"]
  pruneopts = "UT"
  revision = "2f5d2388922f370f4355f327fcf4cfe9f5583908"

[[projects]]
  branch = "master"
  digest = "1:4c18b929ff2f30ebf16c43fd9e0755fad03b290af199c5bcd82dde4c80cf8781"
  name = "golang.org/x/sys"
  packages = ["unix"]
  pruneopts = "UT"
  revision = "90868a75fefd03942536221d7c0e2f84ec62a668"

[solve-meta]
  analyzer-name = "dep"
  analyzer-version = 1
  input-imports = [
    "github.com/blackjack/webcam",
    "github.com/davecheney/i2c",
    "github.com/stianeikeland/go-rpio",
    "golang.org/x/net/websocket",
  ]
  solver-name = "gps-cdcl"
  solver-version = 1
